
Microsoft Visual Studio Solution File, Format Version 12.00
# Visual Studio Version 17
VisualStudioVersion = 17.9.34728.123
MinimumVisualStudioVersion = 10.0.40219.1
Project("{9A19103F-16F7-4668-BE54-9A1E7A4F7556}") = "BussinessObject", "BussinessObject\BussinessObject.csproj", "{78AEFA47-86D0-43FE-B94C-54CB4ADC934D}"
EndProject
Project("{9A19103F-16F7-4668-BE54-9A1E7A4F7556}") = "DataAccessLayer", "DataAccessLayer\DataAccessLayer.csproj", "{C6D5F6D9-4A38-48E3-B0EE-B214363C4FAB}"
EndProject
Project("{9A19103F-16F7-4668-BE54-9A1E7A4F7556}") = "Repository", "Repository\Repository.csproj", "{CEB4F52C-E06D-44B5-AAD5-C7E67A493ABB}"
EndProject
Project("{9A19103F-16F7-4668-BE54-9A1E7A4F7556}") = "Service", "Service\Service.csproj", "{590DDF19-1FBE-4538-A72B-920013B76A4A}"
EndProject
Project("{9A19103F-16F7-4668-BE54-9A1E7A4F7556}") = "M_BMilkStoreClient", "M_BMilkStoreClient\M_BMilkStoreClient.csproj", "{2FAAF1BC-9BE9-48A0-8BAD-DB0B34B1712F}"
EndProject
Global
	GlobalSection(SolutionConfigurationPlatforms) = preSolution
		Debug|Any CPU = Debug|Any CPU
		Release|Any CPU = Release|Any CPU
	EndGlobalSection
	GlobalSection(ProjectConfigurationPlatforms) = postSolution
		{78AEFA47-86D0-43FE-B94C-54CB4ADC934D}.Debug|Any CPU.ActiveCfg = Debug|Any CPU
		{78AEFA47-86D0-43FE-B94C-54CB4ADC934D}.Debug|Any CPU.Build.0 = Debug|Any CPU
		{78AEFA47-86D0-43FE-B94C-54CB4ADC934D}.Release|Any CPU.ActiveCfg = Release|Any CPU
		{78AEFA47-86D0-43FE-B94C-54CB4ADC934D}.Release|Any CPU.Build.0 = Release|Any CPU
		{C6D5F6D9-4A38-48E3-B0EE-B214363C4FAB}.Debug|Any CPU.ActiveCfg = Debug|Any CPU
		{C6D5F6D9-4A38-48E3-B0EE-B214363C4FAB}.Debug|Any CPU.Build.0 = Debug|Any CPU
		{C6D5F6D9-4A38-48E3-B0EE-B214363C4FAB}.Release|Any CPU.ActiveCfg = Release|Any CPU
		{C6D5F6D9-4A38-48E3-B0EE-B214363C4FAB}.Release|Any CPU.Build.0 = Release|Any CPU
		{CEB4F52C-E06D-44B5-AAD5-C7E67A493ABB}.Debug|Any CPU.ActiveCfg = Debug|Any CPU
		{CEB4F52C-E06D-44B5-AAD5-C7E67A493ABB}.Debug|Any CPU.Build.0 = Debug|Any CPU
		{CEB4F52C-E06D-44B5-AAD5-C7E67A493ABB}.Release|Any CPU.ActiveCfg = Release|Any CPU
		{CEB4F52C-E06D-44B5-AAD5-C7E67A493ABB}.Release|Any CPU.Build.0 = Release|Any CPU
		{590DDF19-1FBE-4538-A72B-920013B76A4A}.Debug|Any CPU.ActiveCfg = Debug|Any CPU
		{590DDF19-1FBE-4538-A72B-920013B76A4A}.Debug|Any CPU.Build.0 = Debug|Any CPU
		{590DDF19-1FBE-4538-A72B-920013B76A4A}.Release|Any CPU.ActiveCfg = Release|Any CPU
		{590DDF19-1FBE-4538-A72B-920013B76A4A}.Release|Any CPU.Build.0 = Release|Any CPU
		{2FAAF1BC-9BE9-48A0-8BAD-DB0B34B1712F}.Debug|Any CPU.ActiveCfg = Debug|Any CPU
		{2FAAF1BC-9BE9-48A0-8BAD-DB0B34B1712F}.Debug|Any CPU.Build.0 = Debug|Any CPU
		{2FAAF1BC-9BE9-48A0-8BAD-DB0B34B1712F}.Release|Any CPU.ActiveCfg = Release|Any CPU
		{2FAAF1BC-9BE9-48A0-8BAD-DB0B34B1712F}.Release|Any CPU.Build.0 = Release|Any CPU
	EndGlobalSection
	GlobalSection(SolutionProperties) = preSolution
		HideSolutionNode = FALSE
	EndGlobalSection
	GlobalSection(ExtensibilityGlobals) = postSolution
		SolutionGuid = {C713C022-00A8-44CD-818C-800956A87FE5}
	EndGlobalSection
EndGlobal
